
Microsoft Visual Studio Solution File, Format Version 12.00
# Visual Studio Version 17
VisualStudioVersion = 17.3.32811.315
MinimumVisualStudioVersion = 10.0.40219.1
Project("{FAE04EC0-301F-11D3-BF4B-00C04F79EFBC}") = "DirectoryListing", "DirectoryListing\DirectoryListing.csproj", "{9DD2C524-6059-4C9D-9D82-7AB13479F45B}"
EndProject
Global
	GlobalSection(SolutionConfigurationPlatforms) = preSolution
		Debug|Any CPU = Debug|Any CPU
		Release|Any CPU = Release|Any CPU
	EndGlobalSection
	GlobalSection(ProjectConfigurationPlatforms) = postSolution
		{9DD2C524-6059-4C9D-9D82-7AB13479F45B}.Debug|Any CPU.ActiveCfg = Debug|Any CPU
		{9DD2C524-6059-4C9D-9D82-7AB13479F45B}.Debug|Any CPU.Build.0 = Debug|Any CPU
		{9DD2C524-6059-4C9D-9D82-7AB13479F45B}.Release|Any CPU.ActiveCfg = Release|Any CPU
		{9DD2C524-6059-4C9D-9D82-7AB13479F45B}.Release|Any CPU.Build.0 = Release|Any CPU
	EndGlobalSection
	GlobalSection(SolutionProperties) = preSolution
		HideSolutionNode = FALSE
	EndGlobalSection
	GlobalSection(ExtensibilityGlobals) = postSolution
		SolutionGuid = {6F369C67-3157-409B-917E-8D39433AC4D1}
	EndGlobalSection
EndGlobal
